{
  "name": "frontend-challenge-sami",
  "version": "1.0.0",
  "lockfileVersion": 1,
  "requires": true,
  "dependencies": {
    "@types/prettier": {
      "version": "2.0.1",
      "resolved": "https://registry.npmjs.org/@types/prettier/-/prettier-2.0.1.tgz",
      "integrity": "sha512-boy4xPNEtiw6N3abRhBi/e7hNvy3Tt8E9ZRAQrwAGzoCGZS/1wjo9KY7JHhnfnEsG5wSjDbymCozUM9a3ea7OQ==",
      "dev": true
    },
    "prettier": {
      "version": "2.0.5",
      "resolved": "https://registry.npmjs.org/prettier/-/prettier-2.0.5.tgz",
      "integrity": "sha512-7PtVymN48hGcO4fGjybyBSIWDsLU4H4XlvOHfq91pz9kkGlonzwTfYkaIEwiRg/dAJF9YlbsduBAgtYLi+8cFg==",
      "dev": true
    }
  }
}
